# This file is automatically @generated by Cargo.
# It is not intended for manual editing.
version = 4

[[package]]
name = "bitflags"
version = "2.9.0"
source = "registry+https://github.com/rust-lang/crates.io-index"
checksum = "5c8214115b7bf84099f1309324e63141d4c5d7cc26862f97a0a857dbefe165bd"

[[package]]
name = "kernel"
version = "0.0.0"
dependencies = [
 "limine",
]

[[package]]
name = "limine"
version = "0.4.0"
source = "registry+https://github.com/rust-lang/crates.io-index"
checksum = "6e6cb7fd182815ec1ea9e26061418ac37c3eebea47a14e773c563533f277bcef"
dependencies = [
 "bitflags",
]
